
Microsoft Visual Studio Solution File, Format Version 12.00
# Visual Studio Version 16
VisualStudioVersion = 16.0.33130.400
MinimumVisualStudioVersion = 10.0.40219.1
Project("{FAE04EC0-301F-11D3-BF4B-00C04F79EFBC}") = "RMSDataManager", "RMSDataManager\RMSDataManager.csproj", "{FE0ACE56-991F-4D67-872A-6DB53922B9B8}"
EndProject
Global
	GlobalSection(SolutionConfigurationPlatforms) = preSolution
		Debug|Any CPU = Debug|Any CPU
		Release|Any CPU = Release|Any CPU
	EndGlobalSection
	GlobalSection(ProjectConfigurationPlatforms) = postSolution
		{FE0ACE56-991F-4D67-872A-6DB53922B9B8}.Debug|Any CPU.ActiveCfg = Debug|Any CPU
		{FE0ACE56-991F-4D67-872A-6DB53922B9B8}.Debug|Any CPU.Build.0 = Debug|Any CPU
		{FE0ACE56-991F-4D67-872A-6DB53922B9B8}.Release|Any CPU.ActiveCfg = Release|Any CPU
		{FE0ACE56-991F-4D67-872A-6DB53922B9B8}.Release|Any CPU.Build.0 = Release|Any CPU
	EndGlobalSection
	GlobalSection(SolutionProperties) = preSolution
		HideSolutionNode = FALSE
	EndGlobalSection
	GlobalSection(ExtensibilityGlobals) = postSolution
		SolutionGuid = {DCFCEFFF-E9EB-4766-8685-C509AE99F5C5}
	EndGlobalSection
EndGlobal
